
Microsoft Visual Studio Solution File, Format Version 12.00
# Visual Studio Version 16
VisualStudioVersion = 16.0.31205.134
MinimumVisualStudioVersion = 10.0.40219.1
Project("{FAE04EC0-301F-11D3-BF4B-00C04F79EFBC}") = "Ms.Person", "Ms.Person\Ms.Person.csproj", "{3D701F10-F3C7-4E17-B98F-FEC8A6DF8DF5}"
EndProject
Project("{FAE04EC0-301F-11D3-BF4B-00C04F79EFBC}") = "Ms.Common", "Ms.Common\Ms.Common.csproj", "{5D1A7B2C-8D11-409B-84B2-70C2FF2C626C}"
EndProject
Global
	GlobalSection(SolutionConfigurationPlatforms) = preSolution
		Debug|Any CPU = Debug|Any CPU
		Release|Any CPU = Release|Any CPU
	EndGlobalSection
	GlobalSection(ProjectConfigurationPlatforms) = postSolution
		{3D701F10-F3C7-4E17-B98F-FEC8A6DF8DF5}.Debug|Any CPU.ActiveCfg = Debug|Any CPU
		{3D701F10-F3C7-4E17-B98F-FEC8A6DF8DF5}.Debug|Any CPU.Build.0 = Debug|Any CPU
		{3D701F10-F3C7-4E17-B98F-FEC8A6DF8DF5}.Release|Any CPU.ActiveCfg = Release|Any CPU
		{3D701F10-F3C7-4E17-B98F-FEC8A6DF8DF5}.Release|Any CPU.Build.0 = Release|Any CPU
		{5D1A7B2C-8D11-409B-84B2-70C2FF2C626C}.Debug|Any CPU.ActiveCfg = Debug|Any CPU
		{5D1A7B2C-8D11-409B-84B2-70C2FF2C626C}.Debug|Any CPU.Build.0 = Debug|Any CPU
		{5D1A7B2C-8D11-409B-84B2-70C2FF2C626C}.Release|Any CPU.ActiveCfg = Release|Any CPU
		{5D1A7B2C-8D11-409B-84B2-70C2FF2C626C}.Release|Any CPU.Build.0 = Release|Any CPU
	EndGlobalSection
	GlobalSection(SolutionProperties) = preSolution
		HideSolutionNode = FALSE
	EndGlobalSection
	GlobalSection(ExtensibilityGlobals) = postSolution
		SolutionGuid = {C7FF01D7-8840-4C5C-935A-32805C0163AD}
	EndGlobalSection
EndGlobal
